
Microsoft Visual Studio Solution File, Format Version 12.00
# Visual Studio Version 17
VisualStudioVersion = 17.7.34221.43
MinimumVisualStudioVersion = 10.0.40219.1
Project("{9A19103F-16F7-4668-BE54-9A1E7A4F7556}") = "program", "program.csproj", "{095692A9-EF45-4E7F-9F29-674D9073D94F}"
EndProject
Global
	GlobalSection(SolutionConfigurationPlatforms) = preSolution
		Debug|Any CPU = Debug|Any CPU
		Release|Any CPU = Release|Any CPU
	EndGlobalSection
	GlobalSection(ProjectConfigurationPlatforms) = postSolution
		{095692A9-EF45-4E7F-9F29-674D9073D94F}.Debug|Any CPU.ActiveCfg = Debug|Any CPU
		{095692A9-EF45-4E7F-9F29-674D9073D94F}.Debug|Any CPU.Build.0 = Debug|Any CPU
		{095692A9-EF45-4E7F-9F29-674D9073D94F}.Release|Any CPU.ActiveCfg = Release|Any CPU
		{095692A9-EF45-4E7F-9F29-674D9073D94F}.Release|Any CPU.Build.0 = Release|Any CPU
	EndGlobalSection
	GlobalSection(SolutionProperties) = preSolution
		HideSolutionNode = FALSE
	EndGlobalSection
	GlobalSection(ExtensibilityGlobals) = postSolution
		SolutionGuid = {594BE885-FAD9-43E4-8548-799CAC7F4889}
	EndGlobalSection
EndGlobal
